
Microsoft Visual Studio Solution File, Format Version 12.00
# Visual Studio Version 16
VisualStudioVersion = 16.0.31112.23
MinimumVisualStudioVersion = 10.0.40219.1
Project("{8BC9CEB8-8B4A-11D0-8D11-00A0C91BC942}") = "aisd_3_lab", "aisd_3_lab\aisd_3_lab.vcxproj", "{8DF5C548-367E-4861-8D9F-55FCD602F9F6}"
EndProject
Project("{8BC9CEB8-8B4A-11D0-8D11-00A0C91BC942}") = "UnitTest_for_tree", "UnitTest_for_tree\UnitTest_for_tree.vcxproj", "{D2B554AA-ECE1-48E5-9AEF-923B68F776E0}"
EndProject
Global
	GlobalSection(SolutionConfigurationPlatforms) = preSolution
		Debug|x64 = Debug|x64
		Debug|x86 = Debug|x86
		Release|x64 = Release|x64
		Release|x86 = Release|x86
	EndGlobalSection
	GlobalSection(ProjectConfigurationPlatforms) = postSolution
		{8DF5C548-367E-4861-8D9F-55FCD602F9F6}.Debug|x64.ActiveCfg = Debug|x64
		{8DF5C548-367E-4861-8D9F-55FCD602F9F6}.Debug|x64.Build.0 = Debug|x64
		{8DF5C548-367E-4861-8D9F-55FCD602F9F6}.Debug|x86.ActiveCfg = Debug|Win32
		{8DF5C548-367E-4861-8D9F-55FCD602F9F6}.Debug|x86.Build.0 = Debug|Win32
		{8DF5C548-367E-4861-8D9F-55FCD602F9F6}.Release|x64.ActiveCfg = Release|x64
		{8DF5C548-367E-4861-8D9F-55FCD602F9F6}.Release|x64.Build.0 = Release|x64
		{8DF5C548-367E-4861-8D9F-55FCD602F9F6}.Release|x86.ActiveCfg = Release|Win32
		{8DF5C548-367E-4861-8D9F-55FCD602F9F6}.Release|x86.Build.0 = Release|Win32
		{D2B554AA-ECE1-48E5-9AEF-923B68F776E0}.Debug|x64.ActiveCfg = Debug|x64
		{D2B554AA-ECE1-48E5-9AEF-923B68F776E0}.Debug|x64.Build.0 = Debug|x64
		{D2B554AA-ECE1-48E5-9AEF-923B68F776E0}.Debug|x86.ActiveCfg = Debug|Win32
		{D2B554AA-ECE1-48E5-9AEF-923B68F776E0}.Debug|x86.Build.0 = Debug|Win32
		{D2B554AA-ECE1-48E5-9AEF-923B68F776E0}.Release|x64.ActiveCfg = Release|x64
		{D2B554AA-ECE1-48E5-9AEF-923B68F776E0}.Release|x64.Build.0 = Release|x64
		{D2B554AA-ECE1-48E5-9AEF-923B68F776E0}.Release|x86.ActiveCfg = Release|Win32
		{D2B554AA-ECE1-48E5-9AEF-923B68F776E0}.Release|x86.Build.0 = Release|Win32
	EndGlobalSection
	GlobalSection(SolutionProperties) = preSolution
		HideSolutionNode = FALSE
	EndGlobalSection
	GlobalSection(ExtensibilityGlobals) = postSolution
		SolutionGuid = {055C3D34-FD42-4DBF-8F0F-1DAA3C3F1683}
	EndGlobalSection
EndGlobal
